
Microsoft Visual Studio Solution File, Format Version 12.00
# Visual Studio 15
VisualStudioVersion = 15.0.27004.2005
MinimumVisualStudioVersion = 10.0.40219.1
Project("{FAE04EC0-301F-11D3-BF4B-00C04F79EFBC}") = "WHODataViz.DataModel", "WHODataViz.DataModel\WHODataViz.DataModel.csproj", "{506E47D9-0989-4D76-9329-D110AC1B29A8}"
EndProject
Project("{FAE04EC0-301F-11D3-BF4B-00C04F79EFBC}") = "WHODataViz.GHOAccessLib", "WHODataViz.GHOAccessLib\WHODataViz.GHOAccessLib.csproj", "{CAE6E44F-2483-497E-965E-5B10592D02BC}"
EndProject
Project("{FAE04EC0-301F-11D3-BF4B-00C04F79EFBC}") = "WHODataViz.WPFView", "WHODataViz.WPFView\WHODataViz.WPFView.csproj", "{99E0F768-3936-4C87-86C9-ED975D7B5ADF}"
EndProject
Project("{FAE04EC0-301F-11D3-BF4B-00C04F79EFBC}") = "WHODataViz.GHOAccessLib.Tests", "WHODataViz.GHOAccessLibUnitTests\WHODataViz.GHOAccessLib.Tests.csproj", "{D4B2E466-7636-4153-BC2E-DBC9D7E2BADC}"
EndProject
Project("{FAE04EC0-301F-11D3-BF4B-00C04F79EFBC}") = "WHODataViz.DataModel.Tests", "WHODataViz.DataModel.Tests\WHODataViz.DataModel.Tests.csproj", "{78CA6FA5-0D69-427D-BBEE-629F3CB1F196}"
EndProject
Global
	GlobalSection(SolutionConfigurationPlatforms) = preSolution
		Debug|Any CPU = Debug|Any CPU
		Release|Any CPU = Release|Any CPU
	EndGlobalSection
	GlobalSection(ProjectConfigurationPlatforms) = postSolution
		{506E47D9-0989-4D76-9329-D110AC1B29A8}.Debug|Any CPU.ActiveCfg = Debug|Any CPU
		{506E47D9-0989-4D76-9329-D110AC1B29A8}.Debug|Any CPU.Build.0 = Debug|Any CPU
		{506E47D9-0989-4D76-9329-D110AC1B29A8}.Release|Any CPU.ActiveCfg = Release|Any CPU
		{506E47D9-0989-4D76-9329-D110AC1B29A8}.Release|Any CPU.Build.0 = Release|Any CPU
		{CAE6E44F-2483-497E-965E-5B10592D02BC}.Debug|Any CPU.ActiveCfg = Debug|Any CPU
		{CAE6E44F-2483-497E-965E-5B10592D02BC}.Debug|Any CPU.Build.0 = Debug|Any CPU
		{CAE6E44F-2483-497E-965E-5B10592D02BC}.Release|Any CPU.ActiveCfg = Release|Any CPU
		{CAE6E44F-2483-497E-965E-5B10592D02BC}.Release|Any CPU.Build.0 = Release|Any CPU
		{99E0F768-3936-4C87-86C9-ED975D7B5ADF}.Debug|Any CPU.ActiveCfg = Debug|Any CPU
		{99E0F768-3936-4C87-86C9-ED975D7B5ADF}.Debug|Any CPU.Build.0 = Debug|Any CPU
		{99E0F768-3936-4C87-86C9-ED975D7B5ADF}.Release|Any CPU.ActiveCfg = Release|Any CPU
		{99E0F768-3936-4C87-86C9-ED975D7B5ADF}.Release|Any CPU.Build.0 = Release|Any CPU
		{D4B2E466-7636-4153-BC2E-DBC9D7E2BADC}.Debug|Any CPU.ActiveCfg = Debug|Any CPU
		{D4B2E466-7636-4153-BC2E-DBC9D7E2BADC}.Debug|Any CPU.Build.0 = Debug|Any CPU
		{D4B2E466-7636-4153-BC2E-DBC9D7E2BADC}.Release|Any CPU.ActiveCfg = Release|Any CPU
		{D4B2E466-7636-4153-BC2E-DBC9D7E2BADC}.Release|Any CPU.Build.0 = Release|Any CPU
		{78CA6FA5-0D69-427D-BBEE-629F3CB1F196}.Debug|Any CPU.ActiveCfg = Debug|Any CPU
		{78CA6FA5-0D69-427D-BBEE-629F3CB1F196}.Debug|Any CPU.Build.0 = Debug|Any CPU
		{78CA6FA5-0D69-427D-BBEE-629F3CB1F196}.Release|Any CPU.ActiveCfg = Release|Any CPU
		{78CA6FA5-0D69-427D-BBEE-629F3CB1F196}.Release|Any CPU.Build.0 = Release|Any CPU
	EndGlobalSection
	GlobalSection(SolutionProperties) = preSolution
		HideSolutionNode = FALSE
	EndGlobalSection
	GlobalSection(ExtensibilityGlobals) = postSolution
		SolutionGuid = {F9E9B62B-5A3A-4407-8B37-9C337337F2BB}
	EndGlobalSection
EndGlobal
